
Microsoft Visual Studio Solution File, Format Version 12.00
# Visual Studio Version 17
VisualStudioVersion = 17.14.36301.6
MinimumVisualStudioVersion = 10.0.40219.1
Project("{FAE04EC0-301F-11D3-BF4B-00C04F79EFBC}") = "AI.Workshop.ConsoleChat.OpenAI", "AI.Workshop.ConsoleChat.OpenAI\AI.Workshop.ConsoleChat.OpenAI.csproj", "{C904F02F-97B2-406F-AC7D-1AD25B303940}"
EndProject
Project("{FAE04EC0-301F-11D3-BF4B-00C04F79EFBC}") = "AI.Workshop.ConsoleChat.RAG", "AI.Workshop.ConsoleChat.RAG\AI.Workshop.ConsoleChat.RAG.csproj", "{23FBB498-EA49-4F48-8552-DC57C0D11D45}"
EndProject
Project("{FAE04EC0-301F-11D3-BF4B-00C04F79EFBC}") = "AI.Workshop.BlazorChat", "AI.Workshop.BlazorChat\AI.Workshop.BlazorChat.csproj", "{DC8E8B4F-D153-407A-AB92-2AF5E8794A92}"
EndProject
Project("{FAE04EC0-301F-11D3-BF4B-00C04F79EFBC}") = "AI.Workshop.ConsoleChat.ContentSafety", "AI.Workshop.ConsoleChat.ContentSafety\AI.Workshop.ConsoleChat.ContentSafety.csproj", "{F15DAC86-5D2A-4DC3-8BC0-B9841ED5B818}"
EndProject
Project("{FAE04EC0-301F-11D3-BF4B-00C04F79EFBC}") = "AI.Workshop.ChatWebApp", "AI.Workshop.ChatWebApp\AI.Workshop.ChatWebApp.csproj", "{7ED0E585-C363-61C0-0688-D7B13527202C}"
EndProject
Project("{FAE04EC0-301F-11D3-BF4B-00C04F79EFBC}") = "AI.Workshop.ConsoleChat.Ollama", "AI.Workshop.ConsoleChat.Ollama\AI.Workshop.ConsoleChat.Ollama.csproj", "{13E8DBCA-8D8F-4302-B166-7028A48A9EE0}"
EndProject
Global
	GlobalSection(SolutionConfigurationPlatforms) = preSolution
		Debug|Any CPU = Debug|Any CPU
		Release|Any CPU = Release|Any CPU
	EndGlobalSection
	GlobalSection(ProjectConfigurationPlatforms) = postSolution
		{C904F02F-97B2-406F-AC7D-1AD25B303940}.Debug|Any CPU.ActiveCfg = Debug|Any CPU
		{C904F02F-97B2-406F-AC7D-1AD25B303940}.Debug|Any CPU.Build.0 = Debug|Any CPU
		{C904F02F-97B2-406F-AC7D-1AD25B303940}.Release|Any CPU.ActiveCfg = Release|Any CPU
		{C904F02F-97B2-406F-AC7D-1AD25B303940}.Release|Any CPU.Build.0 = Release|Any CPU
		{23FBB498-EA49-4F48-8552-DC57C0D11D45}.Debug|Any CPU.ActiveCfg = Debug|Any CPU
		{23FBB498-EA49-4F48-8552-DC57C0D11D45}.Debug|Any CPU.Build.0 = Debug|Any CPU
		{23FBB498-EA49-4F48-8552-DC57C0D11D45}.Release|Any CPU.ActiveCfg = Release|Any CPU
		{23FBB498-EA49-4F48-8552-DC57C0D11D45}.Release|Any CPU.Build.0 = Release|Any CPU
		{DC8E8B4F-D153-407A-AB92-2AF5E8794A92}.Debug|Any CPU.ActiveCfg = Debug|Any CPU
		{DC8E8B4F-D153-407A-AB92-2AF5E8794A92}.Debug|Any CPU.Build.0 = Debug|Any CPU
		{DC8E8B4F-D153-407A-AB92-2AF5E8794A92}.Release|Any CPU.ActiveCfg = Release|Any CPU
		{DC8E8B4F-D153-407A-AB92-2AF5E8794A92}.Release|Any CPU.Build.0 = Release|Any CPU
		{F15DAC86-5D2A-4DC3-8BC0-B9841ED5B818}.Debug|Any CPU.ActiveCfg = Debug|Any CPU
		{F15DAC86-5D2A-4DC3-8BC0-B9841ED5B818}.Debug|Any CPU.Build.0 = Debug|Any CPU
		{F15DAC86-5D2A-4DC3-8BC0-B9841ED5B818}.Release|Any CPU.ActiveCfg = Release|Any CPU
		{F15DAC86-5D2A-4DC3-8BC0-B9841ED5B818}.Release|Any CPU.Build.0 = Release|Any CPU
		{7ED0E585-C363-61C0-0688-D7B13527202C}.Debug|Any CPU.ActiveCfg = Debug|Any CPU
		{7ED0E585-C363-61C0-0688-D7B13527202C}.Debug|Any CPU.Build.0 = Debug|Any CPU
		{7ED0E585-C363-61C0-0688-D7B13527202C}.Release|Any CPU.ActiveCfg = Release|Any CPU
		{7ED0E585-C363-61C0-0688-D7B13527202C}.Release|Any CPU.Build.0 = Release|Any CPU
		{13E8DBCA-8D8F-4302-B166-7028A48A9EE0}.Debug|Any CPU.ActiveCfg = Debug|Any CPU
		{13E8DBCA-8D8F-4302-B166-7028A48A9EE0}.Debug|Any CPU.Build.0 = Debug|Any CPU
		{13E8DBCA-8D8F-4302-B166-7028A48A9EE0}.Release|Any CPU.ActiveCfg = Release|Any CPU
		{13E8DBCA-8D8F-4302-B166-7028A48A9EE0}.Release|Any CPU.Build.0 = Release|Any CPU
	EndGlobalSection
	GlobalSection(SolutionProperties) = preSolution
		HideSolutionNode = FALSE
	EndGlobalSection
	GlobalSection(ExtensibilityGlobals) = postSolution
		SolutionGuid = {060917CE-825E-4AEE-BA58-956C56252538}
	EndGlobalSection
EndGlobal
